
Microsoft Visual Studio Solution File, Format Version 12.00
# Visual Studio 15
VisualStudioVersion = 15.0.28307.572
MinimumVisualStudioVersion = 10.0.40219.1
Project("{FAE04EC0-301F-11D3-BF4B-00C04F79EFBC}") = "ATM_Transaction", "ATM_Transaction\ATM_Transaction.csproj", "{D6FEA3EE-ECFC-4670-9DCB-90AB999CA49C}"
EndProject
Global
	GlobalSection(SolutionConfigurationPlatforms) = preSolution
		Debug|Any CPU = Debug|Any CPU
		Release|Any CPU = Release|Any CPU
	EndGlobalSection
	GlobalSection(ProjectConfigurationPlatforms) = postSolution
		{D6FEA3EE-ECFC-4670-9DCB-90AB999CA49C}.Debug|Any CPU.ActiveCfg = Debug|Any CPU
		{D6FEA3EE-ECFC-4670-9DCB-90AB999CA49C}.Debug|Any CPU.Build.0 = Debug|Any CPU
		{D6FEA3EE-ECFC-4670-9DCB-90AB999CA49C}.Release|Any CPU.ActiveCfg = Release|Any CPU
		{D6FEA3EE-ECFC-4670-9DCB-90AB999CA49C}.Release|Any CPU.Build.0 = Release|Any CPU
	EndGlobalSection
	GlobalSection(SolutionProperties) = preSolution
		HideSolutionNode = FALSE
	EndGlobalSection
	GlobalSection(ExtensibilityGlobals) = postSolution
		SolutionGuid = {D9F6AAD6-855F-47A4-B282-CF736D3BE412}
	EndGlobalSection
EndGlobal
